// !$*UTF8*$!
{
	archiveVersion = 1;
	classes = {
	};
	objectVersion = 51;
	objects = {

/* Begin PBXBuildFile section */
		0078E3A6754D45ABB5503B55 /* Color · Named.swift in Sources */ = {isa = PBXBuildFile; fileRef = F206229E8B44607A002020F5 /* Color · Named.swift */; };
		22C22A84A4EB975F45EE8E81 /* Color · EightBit.swift in Sources */ = {isa = PBXBuildFile; fileRef = E3DF7EA9893A7295276B2EC5 /* Color · EightBit.swift */; };
		A3504552337F741677F7387F /* Color.swift in Sources */ = {isa = PBXBuildFile; fileRef = CACDBFE94426BE2475B06D40 /* Color.swift */; };
		B7A94362608E816AD8BA5731 /* ECMA 48.swift in Sources */ = {isa = PBXBuildFile; fileRef = EC9D90E888374AA38E24C3CF /* ECMA 48.swift */; };
		E37C7AE832C5F343E147323A /* ColorWrap.swift in Sources */ = {isa = PBXBuildFile; fileRef = 2747E055389874DED2C2B0B4 /* ColorWrap.swift */; };
		FEB692A175A786AE65D43E3D /* StyleParameter.swift in Sources */ = {isa = PBXBuildFile; fileRef = 494177F1FC019989EF9CD3C9 /* StyleParameter.swift */; };
/* End PBXBuildFile section */

/* Begin PBXFileReference section */
		2747E055389874DED2C2B0B4 /* ColorWrap.swift */ = {isa = PBXFileReference; lastKnownFileType = sourcecode.swift; path = ColorWrap.swift; sourceTree = "<group>"; };
		494177F1FC019989EF9CD3C9 /* StyleParameter.swift */ = {isa = PBXFileReference; lastKnownFileType = sourcecode.swift; path = StyleParameter.swift; sourceTree = "<group>"; };
		C3666B33FC375E155A3CE07D /* PrettyColors.framework */ = {isa = PBXFileReference; explicitFileType = wrapper.framework; includeInIndex = 0; path = PrettyColors.framework; sourceTree = BUILT_PRODUCTS_DIR; };
		CACDBFE94426BE2475B06D40 /* Color.swift */ = {isa = PBXFileReference; lastKnownFileType = sourcecode.swift; path = Color.swift; sourceTree = "<group>"; };
		E3DF7EA9893A7295276B2EC5 /* Color · EightBit.swift */ = {isa = PBXFileReference; lastKnownFileType = sourcecode.swift; path = "Color · EightBit.swift"; sourceTree = "<group>"; };
		EC9D90E888374AA38E24C3CF /* ECMA 48.swift */ = {isa = PBXFileReference; lastKnownFileType = sourcecode.swift; path = "ECMA 48.swift"; sourceTree = "<group>"; };
		F206229E8B44607A002020F5 /* Color · Named.swift */ = {isa = PBXFileReference; lastKnownFileType = sourcecode.swift; path = "Color · Named.swift"; sourceTree = "<group>"; };
/* End PBXFileReference section */

/* Begin PBXGroup section */
		2E1ED3B320654701D53BAB97 /* Products */ = {
			isa = PBXGroup;
			children = (
				C3666B33FC375E155A3CE07D /* PrettyColors.framework */,
			);
			name = Products;
			sourceTree = "<group>";
		};
		D0AD4EFC0495ED79C134ADBC = {
			isa = PBXGroup;
			children = (
				EE65EF3A5D34C51277469FD2 /* Source */,
				2E1ED3B320654701D53BAB97 /* Products */,
			);
			sourceTree = "<group>";
		};
		EE65EF3A5D34C51277469FD2 /* Source */ = {
			isa = PBXGroup;
			children = (
				E3DF7EA9893A7295276B2EC5 /* Color · EightBit.swift */,
				F206229E8B44607A002020F5 /* Color · Named.swift */,
				CACDBFE94426BE2475B06D40 /* Color.swift */,
				2747E055389874DED2C2B0B4 /* ColorWrap.swift */,
				EC9D90E888374AA38E24C3CF /* ECMA 48.swift */,
				494177F1FC019989EF9CD3C9 /* StyleParameter.swift */,
			);
			path = Source;
			sourceTree = "<group>";
		};
/* End PBXGroup section */

/* Begin PBXNativeTarget section */
		ED56FF3A56E992C0D74BA75F /* PrettyColors */ = {
			isa = PBXNativeTarget;
			buildConfigurationList = B28BB7FF361E81D4FE1141F4 /* Build configuration list for PBXNativeTarget "PrettyColors" */;
			buildPhases = (
				3E8C27F4E419CEE237A52270 /* Sources */,
			);
			buildRules = (
			);
			dependencies = (
			);
			name = PrettyColors;
			productName = PrettyColors;
			productReference = C3666B33FC375E155A3CE07D /* PrettyColors.framework */;
			productType = "com.apple.product-type.framework";
		};
/* End PBXNativeTarget section */

/* Begin PBXProject section */
		4E469228CEE84AE6AC4EA41B /* Project object */ = {
			isa = PBXProject;
			attributes = {
				LastUpgradeCheck = 1020;
			};
			buildConfigurationList = 64F69D5D19598A66A00AA948 /* Build configuration list for PBXProject "PrettyColors" */;
			compatibilityVersion = "Xcode 10.0";
			developmentRegion = en;
			hasScannedForEncodings = 0;
			knownRegions = (
				Base,
				en,
			);
			mainGroup = D0AD4EFC0495ED79C134ADBC;
			projectDirPath = "";
			projectRoot = "";
			targets = (
				ED56FF3A56E992C0D74BA75F /* PrettyColors */,
			);
		};
/* End PBXProject section */

/* Begin PBXSourcesBuildPhase section */
		3E8C27F4E419CEE237A52270 /* Sources */ = {
			isa = PBXSourcesBuildPhase;
			buildActionMask = 2147483647;
			files = (
				22C22A84A4EB975F45EE8E81 /* Color · EightBit.swift in Sources */,
				0078E3A6754D45ABB5503B55 /* Color · Named.swift in Sources */,
				A3504552337F741677F7387F /* Color.swift in Sources */,
				E37C7AE832C5F343E147323A /* ColorWrap.swift in Sources */,
				B7A94362608E816AD8BA5731 /* ECMA 48.swift in Sources */,
				FEB692A175A786AE65D43E3D /* StyleParameter.swift in Sources */,
			);
			runOnlyForDeploymentPostprocessing = 0;
		};
/* End PBXSourcesBuildPhase section */

/* Begin XCBuildConfiguration section */
		1B7CC818BF4ECE0296067FDE /* Release */ = {
			isa = XCBuildConfiguration;
			buildSettings = {
				CODE_SIGN_IDENTITY = "";
				COMBINE_HIDPI_IMAGES = YES;
				CURRENT_PROJECT_VERSION = 1;
				DEFINES_MODULE = YES;
				DYLIB_COMPATIBILITY_VERSION = 1;
				DYLIB_CURRENT_VERSION = 1;
				DYLIB_INSTALL_NAME_BASE = "@rpath";
				INFOPLIST_FILE = "Supporting Files/Info.plist";
				INSTALL_PATH = "$(LOCAL_LIBRARY_DIR)/Frameworks";
				LD_RUNPATH_SEARCH_PATHS = (
					"$(inherited)",
					"@executable_path/../Frameworks",
				);
				MACOSX_DEPLOYMENT_TARGET = 10.9;
				SDKROOT = macosx;
				SKIP_INSTALL = YES;
				VERSIONING_SYSTEM = "apple-generic";
			};
			name = Release;
		};
		2D404F036DFB5449D9FC3A56 /* Release */ = {
			isa = XCBuildConfiguration;
			buildSettings = {
				ALWAYS_SEARCH_USER_PATHS = NO;
				CLANG_ANALYZER_NONNULL = YES;
				CLANG_ANALYZER_NUMBER_OBJECT_CONVERSION = YES_AGGRESSIVE;
				CLANG_CXX_LANGUAGE_STANDARD = "gnu++14";
				CLANG_CXX_LIBRARY = "libc++";
				CLANG_ENABLE_MODULES = YES;
				CLANG_ENABLE_OBJC_ARC = YES;
				CLANG_WARN_BLOCK_CAPTURE_AUTORELEASING = YES;
				CLANG_WARN_BOOL_CONVERSION = YES;
				CLANG_WARN_COMMA = YES;
				CLANG_WARN_CONSTANT_CONVERSION = YES;
				CLANG_WARN_DEPRECATED_OBJC_IMPLEMENTATIONS = YES;
				CLANG_WARN_DIRECT_OBJC_ISA_USAGE = YES_ERROR;
				CLANG_WARN_DOCUMENTATION_COMMENTS = YES;
				CLANG_WARN_EMPTY_BODY = YES;
				CLANG_WARN_ENUM_CONVERSION = YES;
				CLANG_WARN_INFINITE_RECURSION = YES;
				CLANG_WARN_INT_CONVERSION = YES;
				CLANG_WARN_NON_LITERAL_NULL_CONVERSION = YES;
				CLANG_WARN_OBJC_IMPLICIT_RETAIN_SELF = YES;
				CLANG_WARN_OBJC_LITERAL_CONVERSION = YES;
				CLANG_WARN_OBJC_ROOT_CLASS = YES_ERROR;
				CLANG_WARN_RANGE_LOOP_ANALYSIS = YES;
				CLANG_WARN_STRICT_PROTOTYPES = YES;
				CLANG_WARN_SUSPICIOUS_MOVE = YES;
				CLANG_WARN_UNGUARDED_AVAILABILITY = YES_AGGRESSIVE;
				CLANG_WARN_UNREACHABLE_CODE = YES;
				CLANG_WARN__DUPLICATE_METHOD_MATCH = YES;
				COPY_PHASE_STRIP = NO;
				DEBUG_INFORMATION_FORMAT = "dwarf-with-dsym";
				ENABLE_NS_ASSERTIONS = NO;
				ENABLE_STRICT_OBJC_MSGSEND = YES;
				GCC_C_LANGUAGE_STANDARD = gnu11;
				GCC_NO_COMMON_BLOCKS = YES;
				GCC_WARN_64_TO_32_BIT_CONVERSION = YES;
				GCC_WARN_ABOUT_RETURN_TYPE = YES_ERROR;
				GCC_WARN_UNDECLARED_SELECTOR = YES;
				GCC_WARN_UNINITIALIZED_AUTOS = YES_AGGRESSIVE;
				GCC_WARN_UNUSED_FUNCTION = YES;
				GCC_WARN_UNUSED_VARIABLE = YES;
				PRODUCT_NAME = "$(TARGET_NAME)";
				SDKROOT = macosx;
				SWIFT_COMPILATION_MODE = wholemodule;
				SWIFT_VERSION = 5.0;
				VALIDATE_PRODUCT = YES;
			};
			name = Release;
		};
		E098422109FFA54EE21F069A /* Debug */ = {
			isa = XCBuildConfiguration;
			buildSettings = {
				CODE_SIGN_IDENTITY = "";
				COMBINE_HIDPI_IMAGES = YES;
				CURRENT_PROJECT_VERSION = 1;
				DEFINES_MODULE = YES;
				DYLIB_COMPATIBILITY_VERSION = 1;
				DYLIB_CURRENT_VERSION = 1;
				DYLIB_INSTALL_NAME_BASE = "@rpath";
				INFOPLIST_FILE = "Supporting Files/Info.plist";
				INSTALL_PATH = "$(LOCAL_LIBRARY_DIR)/Frameworks";
				LD_RUNPATH_SEARCH_PATHS = (
					"$(inherited)",
					"@executable_path/../Frameworks",
				);
				MACOSX_DEPLOYMENT_TARGET = 10.9;
				SDKROOT = macosx;
				SKIP_INSTALL = YES;
				VERSIONING_SYSTEM = "apple-generic";
			};
			name = Debug;
		};
		E3FC73524BC0141BEA59FF80 /* Debug */ = {
			isa = XCBuildConfiguration;
			buildSettings = {
				ALWAYS_SEARCH_USER_PATHS = NO;
				CLANG_ANALYZER_NONNULL = YES;
				CLANG_ANALYZER_NUMBER_OBJECT_CONVERSION = YES_AGGRESSIVE;
				CLANG_CXX_LANGUAGE_STANDARD = "gnu++14";
				CLANG_CXX_LIBRARY = "libc++";
				CLANG_ENABLE_MODULES = YES;
				CLANG_ENABLE_OBJC_ARC = YES;
				CLANG_WARN_BLOCK_CAPTURE_AUTORELEASING = YES;
				CLANG_WARN_BOOL_CONVERSION = YES;
				CLANG_WARN_COMMA = YES;
				CLANG_WARN_CONSTANT_CONVERSION = YES;
				CLANG_WARN_DEPRECATED_OBJC_IMPLEMENTATIONS = YES;
				CLANG_WARN_DIRECT_OBJC_ISA_USAGE = YES_ERROR;
				CLANG_WARN_DOCUMENTATION_COMMENTS = YES;
				CLANG_WARN_EMPTY_BODY = YES;
				CLANG_WARN_ENUM_CONVERSION = YES;
				CLANG_WARN_INFINITE_RECURSION = YES;
				CLANG_WARN_INT_CONVERSION = YES;
				CLANG_WARN_NON_LITERAL_NULL_CONVERSION = YES;
				CLANG_WARN_OBJC_IMPLICIT_RETAIN_SELF = YES;
				CLANG_WARN_OBJC_LITERAL_CONVERSION = YES;
				CLANG_WARN_OBJC_ROOT_CLASS = YES_ERROR;
				CLANG_WARN_RANGE_LOOP_ANALYSIS = YES;
				CLANG_WARN_STRICT_PROTOTYPES = YES;
				CLANG_WARN_SUSPICIOUS_MOVE = YES;
				CLANG_WARN_UNGUARDED_AVAILABILITY = YES_AGGRESSIVE;
				CLANG_WARN_UNREACHABLE_CODE = YES;
				CLANG_WARN__DUPLICATE_METHOD_MATCH = YES;
				COPY_PHASE_STRIP = NO;
				DEBUG_INFORMATION_FORMAT = dwarf;
				ENABLE_STRICT_OBJC_MSGSEND = YES;
				ENABLE_TESTABILITY = YES;
				GCC_C_LANGUAGE_STANDARD = gnu11;
				GCC_DYNAMIC_NO_PIC = NO;
				GCC_NO_COMMON_BLOCKS = YES;
				GCC_OPTIMIZATION_LEVEL = 0;
				GCC_PREPROCESSOR_DEFINITIONS = (
					"$(inherited)",
					"DEBUG=1",
				);
				GCC_WARN_64_TO_32_BIT_CONVERSION = YES;
				GCC_WARN_ABOUT_RETURN_TYPE = YES_ERROR;
				GCC_WARN_UNDECLARED_SELECTOR = YES;
				GCC_WARN_UNINITIALIZED_AUTOS = YES_AGGRESSIVE;
				GCC_WARN_UNUSED_FUNCTION = YES;
				GCC_WARN_UNUSED_VARIABLE = YES;
				MTL_ENABLE_DEBUG_INFO = YES;
				ONLY_ACTIVE_ARCH = YES;
				PRODUCT_NAME = "$(TARGET_NAME)";
				SDKROOT = macosx;
				SWIFT_ACTIVE_COMPILATION_CONDITIONS = DEBUG;
				SWIFT_OPTIMIZATION_LEVEL = "-Onone";
				SWIFT_VERSION = 5.0;
			};
			name = Debug;
		};
/* End XCBuildConfiguration section */

/* Begin XCConfigurationList section */
		64F69D5D19598A66A00AA948 /* Build configuration list for PBXProject "PrettyColors" */ = {
			isa = XCConfigurationList;
			buildConfigurations = (
				E3FC73524BC0141BEA59FF80 /* Debug */,
				2D404F036DFB5449D9FC3A56 /* Release */,
			);
			defaultConfigurationIsVisible = 0;
			defaultConfigurationName = Debug;
		};
		B28BB7FF361E81D4FE1141F4 /* Build configuration list for PBXNativeTarget "PrettyColors" */ = {
			isa = XCConfigurationList;
			buildConfigurations = (
				E098422109FFA54EE21F069A /* Debug */,
				1B7CC818BF4ECE0296067FDE /* Release */,
			);
			defaultConfigurationIsVisible = 0;
			defaultConfigurationName = "";
		};
/* End XCConfigurationList section */
	};
	rootObject = 4E469228CEE84AE6AC4EA41B /* Project object */;
}
